lockfile_version: '1'
generated_at: '2026-05-15T17:49:46.531586+00:00'
dependencies: []
mcp_servers:
- al-symbols-mcp
- github-mcp-server
- markitdown-mcp
- microsoftdocs-mcp
mcp_configs:
  al-symbols-mcp:
    name: al-symbols-mcp
    transport: stdio
    args:
    - al-mcp-server
    registry: false
    command: npx
  github-mcp-server:
    name: github-mcp-server
    transport: http
    registry: false
    url: https://api.githubcopilot.com/mcp/
  markitdown-mcp:
    name: markitdown-mcp
    transport: stdio
    args:
    - markitdown-mcp@0.0.1a4
    registry: false
    command: uvx
  microsoftdocs-mcp:
    name: microsoftdocs-mcp
    transport: http
    registry: false
    url: https://learn.microsoft.com/api/mcp
local_deployed_files:
- .agents/skills/github-scaffold
- .agents/skills/github-scaffold/SKILL.md
- .agents/skills/github-scaffold/scripts/Install-Scaffold.mjs
- .agents/skills/github-scaffold/scripts/Install-Scaffold.ps1
- .agents/skills/github-scaffold/scripts/docs/schema/aldc.schema.json
- .agents/skills/github-scaffold/scripts/docs/skills-creation-guide.md
- .agents/skills/github-scaffold/scripts/seed/aldc.code-workspace
- .agents/skills/github-scaffold/scripts/seed/aldc.yaml
- .agents/skills/github-scaffold/scripts/seed/copilot-instructions.md
- .agents/skills/github-scaffold/scripts/seed/memory.md
- .agents/skills/github-scaffold/scripts/seed/tools/aldc-validate/index.js
- .agents/skills/github-scaffold/scripts/seed/tools/aldc-validate/package-lock.json
- .agents/skills/github-scaffold/scripts/seed/tools/aldc-validate/package.json
- .agents/skills/github-scaffold/scripts/seed/tools/bc-agents/scaffold_agent.py
- .agents/skills/github-scaffold/scripts/seed/tools/bc-agents/validate_agent_config.sh
- .agents/skills/github-scaffold/scripts/seed/tools/bcquality/README.md
- .agents/skills/github-scaffold/scripts/seed/tools/bcquality/install.ps1
- .agents/skills/github-scaffold/scripts/seed/tools/bcquality/install.sh
- .agents/skills/github-scaffold/scripts/seed/tools/bcquality/validate_evidence.py
- .agents/skills/onprem-remote-deploy
- .agents/skills/onprem-remote-deploy/AUTHORS.md
- .agents/skills/onprem-remote-deploy/CHANGELOG.md
- .agents/skills/onprem-remote-deploy/SKILL.md
- .agents/skills/onprem-remote-deploy/references/onprem-remote-deploy-reference.md
- .agents/skills/onprem-remote-deploy/scripts/Setup-DeployAgent.Template.ps1
- .agents/skills/skill-agent-instructions
- .agents/skills/skill-agent-instructions/SKILL.md
- .agents/skills/skill-agent-instructions/examples/agent-advanced-instructions.txt
- .agents/skills/skill-agent-instructions/examples/agent-simple-instructions.txt
- .agents/skills/skill-agent-instructions/references/agent-keywords-reference.md
- .agents/skills/skill-agent-task-patterns
- .agents/skills/skill-agent-task-patterns/SKILL.md
- .agents/skills/skill-agent-task-patterns/examples/lead-handoff-with-attachment.md
- .agents/skills/skill-agent-task-patterns/examples/session-events-binding.md
- .agents/skills/skill-agent-toolkit
- .agents/skills/skill-agent-toolkit/SKILL.md
- .agents/skills/skill-api
- .agents/skills/skill-api/SKILL.md
- .agents/skills/skill-api/references/api-advanced-patterns.md
- .agents/skills/skill-contribution-assistant
- .agents/skills/skill-contribution-assistant/AUTHORS.md
- .agents/skills/skill-contribution-assistant/CHANGELOG.md
- .agents/skills/skill-contribution-assistant/SKILL.md
- .agents/skills/skill-contribution-assistant/references/onboarding-questionnaire.md
- .agents/skills/skill-contribution-assistant/references/opportunity-detection.md
- .agents/skills/skill-contribution-assistant/references/pr-readiness-checklist.md
- .agents/skills/skill-contribution-assistant/references/quality-gate.md
- .agents/skills/skill-copilot
- .agents/skills/skill-copilot/SKILL.md
- .agents/skills/skill-copilot/references/copilot-ai-generation.md
- .agents/skills/skill-copilot/references/copilot-testing.md
- .agents/skills/skill-debug
- .agents/skills/skill-debug/SKILL.md
- .agents/skills/skill-estimation
- .agents/skills/skill-estimation/SKILL.md
- .agents/skills/skill-events
- .agents/skills/skill-events/SKILL.md
- .agents/skills/skill-manifest
- .agents/skills/skill-manifest/SKILL.md
- .agents/skills/skill-manifest/examples/extension-manifest/sample-manifest-both.md
- .agents/skills/skill-manifest/examples/extension-manifest/sample-manifest-circe-only.md
- .agents/skills/skill-manifest/examples/extension-manifest/sample-manifest-delfos-only.md
- .agents/skills/skill-manifest/extension-manifest.skill.md
- .agents/skills/skill-migrate
- .agents/skills/skill-migrate/SKILL.md
- .agents/skills/skill-pages
- .agents/skills/skill-pages/SKILL.md
- .agents/skills/skill-performance
- .agents/skills/skill-performance/SKILL.md
- .agents/skills/skill-permissions
- .agents/skills/skill-permissions/SKILL.md
- .agents/skills/skill-sdd-contracts
- .agents/skills/skill-sdd-contracts/SKILL.md
- .agents/skills/skill-sdd-contracts/assets/architecture-template.md
- .agents/skills/skill-sdd-contracts/assets/bcquality-task-context.md
- .agents/skills/skill-sdd-contracts/assets/code-review-template.md
- .agents/skills/skill-sdd-contracts/assets/delivery-template.md
- .agents/skills/skill-sdd-contracts/assets/memory-template.md
- .agents/skills/skill-sdd-contracts/assets/mkdocs-site-prompt.md
- .agents/skills/skill-sdd-contracts/assets/phase-complete-template.md
- .agents/skills/skill-sdd-contracts/assets/plan-complete-template.md
- .agents/skills/skill-sdd-contracts/assets/plan-template.md
- .agents/skills/skill-sdd-contracts/assets/planning-findings-template.md
- .agents/skills/skill-sdd-contracts/assets/skill-template.md
- .agents/skills/skill-sdd-contracts/assets/spec-template.md
- .agents/skills/skill-sdd-contracts/assets/technical-spec-template.md
- .agents/skills/skill-sdd-contracts/assets/test-plan-template.md
- .agents/skills/skill-testing
- .agents/skills/skill-testing/SKILL.md
- .agents/skills/skill-translate
- .agents/skills/skill-translate/SKILL.md
- .github/agents/al-agent-builder.agent.md
- .github/agents/al-architect.agent.md
- .github/agents/al-conductor.agent.md
- .github/agents/al-developer.agent.md
- .github/agents/al-implement-subagent.agent.md
- .github/agents/al-planning-subagent.agent.md
- .github/agents/al-presales.agent.md
- .github/agents/al-review-subagent.agent.md
- .github/agents/al-triage.agent.md
- .github/agents/dredd.agent.md
- .github/agents/index.agent.md
- .github/instructions/al-agent-toolkit.instructions.md
- .github/instructions/al-code-style.instructions.md
- .github/instructions/al-error-handling.instructions.md
- .github/instructions/al-events.instructions.md
- .github/instructions/al-guidelines.instructions.md
- .github/instructions/al-naming-conventions.instructions.md
- .github/instructions/al-performance.instructions.md
- .github/instructions/al-testing.instructions.md
- .github/prompts/al-agent.build-instructions.prompt.md
- .github/prompts/al-agent.create.prompt.md
- .github/prompts/al-agent.instructions.prompt.md
- .github/prompts/al-agent.task.prompt.md
- .github/prompts/al-agent.test.prompt.md
- .github/prompts/al-build.prompt.md
- .github/prompts/al-context.create.prompt.md
- .github/prompts/al-initialize.prompt.md
- .github/prompts/al-memory.create.prompt.md
- .github/prompts/al-pr-prepare.prompt.md
- .github/prompts/al-spec.create.prompt.md
local_deployed_file_hashes:
  .agents/skills/github-scaffold/SKILL.md: sha256:b745d395c46538f602a120e6d61878c905820c43494bc5fc5c09a26d9da9e16d
  .agents/skills/github-scaffold/scripts/Install-Scaffold.mjs: sha256:90755655d7b19e98ebabd93aef8d7f7e687d8ac0ff234973400f95876c96535d
  .agents/skills/github-scaffold/scripts/Install-Scaffold.ps1: sha256:d79d784978ea024e13bac0fe92925bbcf0348e78d95af981eb0aa5f8dc5fcd4c
  .agents/skills/github-scaffold/scripts/docs/schema/aldc.schema.json: sha256:a1a0ffbfc060e29500aef015277a35fff98c2b4ec7852f726f0117cba524915b
  .agents/skills/github-scaffold/scripts/docs/skills-creation-guide.md: sha256:588a67c015053f2562607090aa6c7ae780c009911f243f57ec6e073e077c5699
  .agents/skills/github-scaffold/scripts/seed/aldc.code-workspace: sha256:0e94487961b4854ea1561ed50036c7e2837cb50f7e294c09c0a00f4af48a3c28
  .agents/skills/github-scaffold/scripts/seed/aldc.yaml: sha256:1ca499931bb5e843412cbd054925997372784f76827a3a8bb0f3ae9c3f4cb4b2
  .agents/skills/github-scaffold/scripts/seed/copilot-instructions.md: sha256:3631b9c980d770292cabffb47b1c420b668cb6100eed4da07573b00f8ad0dc00
  .agents/skills/github-scaffold/scripts/seed/memory.md: sha256:c7ec8174270266de484438baf162149acdc05d2a25afb0965d9afde67e58f92b
  .agents/skills/github-scaffold/scripts/seed/tools/aldc-validate/index.js: sha256:a0d30cc5c5cb46db7ce1e3825be38f3e7984a0fc222b98e3ebb3e068ebbb08ca
  .agents/skills/github-scaffold/scripts/seed/tools/aldc-validate/package-lock.json: sha256:cb0217da0e4ba59078d5d98efd5125a1fbcdfe6e211819c9c4c24fe1708406d9
  .agents/skills/github-scaffold/scripts/seed/tools/aldc-validate/package.json: sha256:a5446551001b8d5738441e4781a960e85770e9f708a3ac9fd97e1e5da61e806e
  .agents/skills/github-scaffold/scripts/seed/tools/bc-agents/scaffold_agent.py: sha256:3b00b1cda1725f5509d55f0df28f9f1600a895d155748d852a86df37890e51ce
  .agents/skills/github-scaffold/scripts/seed/tools/bc-agents/validate_agent_config.sh: sha256:5054f15b7722686370b30f5bbe939647466507fd137bf59c7939048d629c57a9
  .agents/skills/github-scaffold/scripts/seed/tools/bcquality/README.md: sha256:b8e621a470f8775dedc5da68cdb913b4fa99adff22c3589b8becccbea1b3cdeb
  .agents/skills/github-scaffold/scripts/seed/tools/bcquality/install.ps1: sha256:c2cae01033bc2102d05e310c635408397ca5255ac8a700c6fcd74dcf1351871b
  .agents/skills/github-scaffold/scripts/seed/tools/bcquality/install.sh: sha256:74193b0616b7ae3f8c62ebe8312ddbfd9aea5f1b9423fd77ccd4178acf35d3cf
  .agents/skills/github-scaffold/scripts/seed/tools/bcquality/validate_evidence.py: sha256:583e71dcfd5a714b64481d8b96a6e14260acb28d9823c0b892a294f267648000
  .agents/skills/onprem-remote-deploy/AUTHORS.md: sha256:df0dd5d460c0f569f619141a0c8f39ef95f4665bd1b6dd787bc1dc50dcc227c1
  .agents/skills/onprem-remote-deploy/CHANGELOG.md: sha256:c5f8aa6960b6550d4e673a1f13d11ccdd85336c24917688a37097689f914f24f
  .agents/skills/onprem-remote-deploy/SKILL.md: sha256:602cbe6a07f1624840a0584d87e151797c3746f08ae6f918739c4cab0ffc7c2f
  .agents/skills/onprem-remote-deploy/references/onprem-remote-deploy-reference.md: sha256:e73109b5b12437b6b88b7173fd5ba1f2277e4f1d74c40376fdd2fd8c0b564704
  .agents/skills/onprem-remote-deploy/scripts/Setup-DeployAgent.Template.ps1: sha256:d78775c8aed0b590ac7e534a9cb8aa0aeaf0187188097a2bedf1df0b7c114808
  .agents/skills/skill-agent-instructions/SKILL.md: sha256:be10c3546e6d1a05964aadd78c20d6853098a416a978d944a77f5b07a8fbcd80
  .agents/skills/skill-agent-instructions/examples/agent-advanced-instructions.txt: sha256:f9938f734399e9ec2ad01186dbc761030dd815a1595b813e028c9914a10d9eba
  .agents/skills/skill-agent-instructions/examples/agent-simple-instructions.txt: sha256:4ad7eb9e8e961f179664118c37ab58c1734be60295bb69e78929cc765b6c98c1
  .agents/skills/skill-agent-instructions/references/agent-keywords-reference.md: sha256:9b15534aca3c701b57cb6859a4152d291edcba0fd7bdf499e9b062849b4b1c33
  .agents/skills/skill-agent-task-patterns/SKILL.md: sha256:ccf6c4342b3720b434ffc5eebe0b172f3d3e8a07bfa6c2feeee48d2628aaafac
  .agents/skills/skill-agent-task-patterns/examples/lead-handoff-with-attachment.md: sha256:d74bccb4d9ef7e58a95ed62bb3c08a9ca877cde9e73e708490aa28d575850e3a
  .agents/skills/skill-agent-task-patterns/examples/session-events-binding.md: sha256:39cc0ddf8d4269b9d2aee8931d5cca491c3bc2792b0600d3243c879bf9c69815
  .agents/skills/skill-agent-toolkit/SKILL.md: sha256:16abfa053d7d467a7128507132beafbb936221e0cf443070e94c3488df5c26af
  .agents/skills/skill-api/SKILL.md: sha256:8776c4afe5fbc3fa4f0ac37c55e7b1d42a02dfb70e23666b5a8fc23053be95ed
  .agents/skills/skill-api/references/api-advanced-patterns.md: sha256:16ba8b8f7672ce1e06805a1044e8e9cb9388798a951a883cb495eee608109f40
  .agents/skills/skill-contribution-assistant/AUTHORS.md: sha256:df0dd5d460c0f569f619141a0c8f39ef95f4665bd1b6dd787bc1dc50dcc227c1
  .agents/skills/skill-contribution-assistant/CHANGELOG.md: sha256:c196955212d1fb4320b68214c9aeae1cdaed2b4cb5d1e6df7d97bddcff4acfc5
  .agents/skills/skill-contribution-assistant/SKILL.md: sha256:5673233fc6213309017e20b3e037818b8b49600021f59d371c1bc411c865bd36
  .agents/skills/skill-contribution-assistant/references/onboarding-questionnaire.md: sha256:9be6e317d94580cba924b5621d8bd1812905ec87ca759afae1e63b9486e7cbb6
  .agents/skills/skill-contribution-assistant/references/opportunity-detection.md: sha256:1e03b5826d240e37b715a3388ccf640ee29899eae03e79facda8565f72bc721f
  .agents/skills/skill-contribution-assistant/references/pr-readiness-checklist.md: sha256:2ea1dfe85757ca8e38f4af90d575928f2cab821f7af08dfb7277c7ad435a9b27
  .agents/skills/skill-contribution-assistant/references/quality-gate.md: sha256:5e9c3cbab0f60a617db7b7f56376f97f5e7e54bc16f15a6c246c093f0df6bc28
  .agents/skills/skill-copilot/SKILL.md: sha256:8b96b2d8306d2c077bc00ef1dabe3ae776c0dd6330d88da153155d0afca7b1cd
  .agents/skills/skill-copilot/references/copilot-ai-generation.md: sha256:07000ff739b4830d9a1b0e998b1e79c58d602c45965c08b8efcdc06c6cd54317
  .agents/skills/skill-copilot/references/copilot-testing.md: sha256:3b81800e86fcdc40eade7ab661edc8e5c7d6723c3c2ab3135fcd5e6e42e95edb
  .agents/skills/skill-debug/SKILL.md: sha256:e52066bfcc0156348b8c9855ffbb7def7501c542390b5abed9d3aeb06c52d706
  .agents/skills/skill-estimation/SKILL.md: sha256:e1d81e5d8c616bc269ef64974e0065ccb84bdb87b8deb38558f29b3f0b53b955
  .agents/skills/skill-events/SKILL.md: sha256:6684768b78b2a9194ad8047abd24cfc5f2daaa28500d6b6ee21c9737d8db0fd6
  .agents/skills/skill-manifest/SKILL.md: sha256:12a5c402584958edb49073243661d6c60555e5dffdfdb09aac66995ca80f9624
  .agents/skills/skill-manifest/examples/extension-manifest/sample-manifest-both.md: sha256:1a554868dcc1ba43b0bbc5706afcbd7473b98e2f3f5a02985aefb69405d87767
  .agents/skills/skill-manifest/examples/extension-manifest/sample-manifest-circe-only.md: sha256:263025248cdac9068a948742bbe09a2083792b86a919a087402ff83898ab122a
  .agents/skills/skill-manifest/examples/extension-manifest/sample-manifest-delfos-only.md: sha256:a5ccf897ecd553e6f9f71c9213d0b00ff700974b9b22cf233ace169fd239756f
  .agents/skills/skill-manifest/extension-manifest.skill.md: sha256:37fc4e4f3793012fe4ec4261ea90dda6008c573b85aa1f2924b20428697665bb
  .agents/skills/skill-migrate/SKILL.md: sha256:e08799501f74001a72baa61b9226ae11a4ff6eaca6656bf58c54235694984b3d
  .agents/skills/skill-pages/SKILL.md: sha256:0abf48098df37b4ef64e7292688f821611cf691d40cf6e89dac8ccb7d2031b32
  .agents/skills/skill-performance/SKILL.md: sha256:db261fcd4099a46fe701825781c2c7c901c582817c3f3b926f444c2ee42239b0
  .agents/skills/skill-permissions/SKILL.md: sha256:fa02bddb1514102d28a0b09b31a381c3716b1385902f5a1667af1253fbf1ec1d
  .agents/skills/skill-sdd-contracts/SKILL.md: sha256:d054b708324df48090a6a669a325a2f218aa04b693fb2dc81b3529ab23c933d6
  .agents/skills/skill-sdd-contracts/assets/architecture-template.md: sha256:e9ee0e3a9d6571752bf406711379e3132a24c1c078cf213465595e31f2d52917
  .agents/skills/skill-sdd-contracts/assets/bcquality-task-context.md: sha256:91e6e1bb675ebb2ff45002c96d4db6a8038faec3fef6a01b28061f2298e2b3d2
  .agents/skills/skill-sdd-contracts/assets/code-review-template.md: sha256:12b817389da5e0689e5f021315c8f18de36e2abd559244f43999beb49b77ed04
  .agents/skills/skill-sdd-contracts/assets/delivery-template.md: sha256:a39f0733963af1be070176af5cdf6a85d854c8572182ad43e8eb632df8afb990
  .agents/skills/skill-sdd-contracts/assets/memory-template.md: sha256:c7ec8174270266de484438baf162149acdc05d2a25afb0965d9afde67e58f92b
  .agents/skills/skill-sdd-contracts/assets/mkdocs-site-prompt.md: sha256:5e4c9263c218e2486e31b7c318f025c450e3f6d61b6ce67ec9c0e9ab28ffbf05
  .agents/skills/skill-sdd-contracts/assets/phase-complete-template.md: sha256:0b7cdd8756e81ebdeb2b95cdb61ff721a0918c3dda8ed590d80674937587da13
  .agents/skills/skill-sdd-contracts/assets/plan-complete-template.md: sha256:e0029f6e3863c2120f956a27b44f3f3718ce35b5474e37b47776edf9863bbfd3
  .agents/skills/skill-sdd-contracts/assets/plan-template.md: sha256:1c2a079abe659ff8e585207d3bbdfeebdc4a800dbb5be33b5838a68dbae85a56
  .agents/skills/skill-sdd-contracts/assets/planning-findings-template.md: sha256:8415ed2de625eb9c9e64cb9e512f90542d5aa77d143087e9a683938cd4fe15d7
  .agents/skills/skill-sdd-contracts/assets/skill-template.md: sha256:d71051d887ff1c64cc250534ae84872a531b8ad6763409184ac59877725ddd6f
  .agents/skills/skill-sdd-contracts/assets/spec-template.md: sha256:634da157c9e87ef6a1a22fa419e49dff31ef413a0fd246021878eb33bddb0ae8
  .agents/skills/skill-sdd-contracts/assets/technical-spec-template.md: sha256:5b9dbd9ea80e9a060965638d8be9e2594869d0fec4f2ab280307166f9e271916
  .agents/skills/skill-sdd-contracts/assets/test-plan-template.md: sha256:724882202ad91657012eb2568fe69d059634429213f92805d3a9bdfd9ce42447
  .agents/skills/skill-testing/SKILL.md: sha256:be9c074876d2105aad143382c5d49287fcde5feababcb7332fba673a1f848c95
  .agents/skills/skill-translate/SKILL.md: sha256:aed26d22485fd88a9518de55f1cf64e906dc516c336de7fde360ce0462e6eda6
  .github/agents/al-agent-builder.agent.md: sha256:7ab22336276eeb1b36da3a72cbf28659b08b3b436507ec3342de27e0928f4124
  .github/agents/al-architect.agent.md: sha256:eb4e6dd80b8e85633e9b0d3b66c55043cd5eaa2a6bef249563d6ee981bc67915
  .github/agents/al-conductor.agent.md: sha256:93fbe9fec6789205c4b1a3bc8e65a0c6291f8f9a1509f4cc05d697b3364073da
  .github/agents/al-developer.agent.md: sha256:29ae48dca4b874ee706ce6dbc0962e57311a5a3f5a66d08493eaa49b61a606a2
  .github/agents/al-implement-subagent.agent.md: sha256:8d64ae927984ec318129b17142b47e3ce1e4276408a39e933e2b3c0f7969e30a
  .github/agents/al-planning-subagent.agent.md: sha256:848bca78f663be283027d4e97be8027aa8904d105a829ff9c4fe45508cbbbd23
  .github/agents/al-presales.agent.md: sha256:88e1638583a383da85772bf981f5a74661dd9333cb3003fd42b99b32744cb3f6
  .github/agents/al-review-subagent.agent.md: sha256:43260a14d7bac4ce19d32c7b3a277051cd1c69e0164d0a03aa23aaf2f9073090
  .github/agents/al-triage.agent.md: sha256:b02457fcc8b5293afcbae1025b6783c9f6cfe8edd5659b449476348a0b03ca7f
  .github/agents/dredd.agent.md: sha256:7933e6dbb8d5442f3154b4f454066b750c0acec156f246cd73439a39ead64080
  .github/agents/index.agent.md: sha256:ce8f2cf914edcb77302ef858e7093ea6586a8e26d2bdf166ad2da8694953e118
  .github/instructions/al-agent-toolkit.instructions.md: sha256:3939b641eccd9d21218e173366fcb71ba4834f257f4f51aa9507ee43dc45f876
  .github/instructions/al-code-style.instructions.md: sha256:d5b168107cb37502d29b847308c97c15b8bf309dcc59aad02befe103d3c99dab
  .github/instructions/al-error-handling.instructions.md: sha256:b7a17000c9725c508745b866d3a19eddf32bde14f2d167e1d350f91304fee548
  .github/instructions/al-events.instructions.md: sha256:0b429761029a3b68404b82eb2048f8e253ff182298e4c9c160e5c638e30e1d3e
  .github/instructions/al-guidelines.instructions.md: sha256:1b41a3d1e5a0ffe32bd95c3b9fd08bda89567e2f9064bb63c04d1255dfbf2db2
  .github/instructions/al-naming-conventions.instructions.md: sha256:4b3158860dc68c414ea69304e4f30fe1f950981c63726a37c611aea1039212ba
  .github/instructions/al-performance.instructions.md: sha256:1db9c2e08bfec26a63990e1c05229f7ed15fb2fa92e6b65ab2b8eb40c1fdf1df
  .github/instructions/al-testing.instructions.md: sha256:ab88c39c39d2bd0bbdd00e4224b050004e8d587d7e381a1e5b0d075b985be0c3
  .github/prompts/al-agent.build-instructions.prompt.md: sha256:1080481dc7f897b6a67f06ab8da8260d8bd67dddfdf34e3091a351711be64044
  .github/prompts/al-agent.create.prompt.md: sha256:c5220663504e12fbfc07c2b24fa71f0b5922acdf7a7eef0ef0c794c1aa3f93c3
  .github/prompts/al-agent.instructions.prompt.md: sha256:1080481dc7f897b6a67f06ab8da8260d8bd67dddfdf34e3091a351711be64044
  .github/prompts/al-agent.task.prompt.md: sha256:2fd84ae74f374a979d6cc65fccd9aa51c8c60d7fba6ae9628d892446f3da6f1f
  .github/prompts/al-agent.test.prompt.md: sha256:2237600f476405fbad9187a641ba129dff0a7bcbaba8be4ac142de917524ef69
  .github/prompts/al-build.prompt.md: sha256:9aa54e565f675f875f66aa4273b62a7fce4ee7d304e43fb975a5d9bfd78e04c8
  .github/prompts/al-context.create.prompt.md: sha256:0ccc67b39205001d79639374f57c85c365fbf0588fbfb3f66849db68f7b382f0
  .github/prompts/al-initialize.prompt.md: sha256:5d3b099996b81714243315475537aa5a352885c2864cd6ae99613b8648315e26
  .github/prompts/al-memory.create.prompt.md: sha256:fb7f3e106f37383a78555cd3c762eec412aa8eabf98f70f73283b96ad3db7746
  .github/prompts/al-pr-prepare.prompt.md: sha256:118f15799d3275aea97d2b87b9a1d24213c9e746437a833867e37598c25167b2
  .github/prompts/al-spec.create.prompt.md: sha256:af44342f5be5a82e36087667278032d38367d81151faf8057f390aea43c97d0a
