lockfile_version: '1'
generated_at: '2026-05-15T17:49:46.531586+00:00'
dependencies: []
mcp_servers:
- github-mcp-server
- markitdown-mcp
- microsoftdocs-mcp
mcp_configs:
  github-mcp-server:
    name: github-mcp-server
    transport: http
    registry: false
    url: https://api.githubcopilot.com/mcp/
  markitdown-mcp:
    name: markitdown-mcp
    transport: stdio
    args:
    - markitdown-mcp@0.0.1a4
    registry: false
    command: uvx
  microsoftdocs-mcp:
    name: microsoftdocs-mcp
    transport: http
    registry: false
    url: https://learn.microsoft.com/api/mcp
local_deployed_files:
- .agents/skills/bc-agent-instructions-debugger
- .agents/skills/bc-al-bug-fix
- .agents/skills/bc-al-code-reviewer
- .agents/skills/bc-al-project-context
- .agents/skills/bc-attachments-generator
- .agents/skills/bc-business-events-generator
- .agents/skills/bc-dataverse-entity-generator
- .agents/skills/bc-dataverse-mapping-generator
- .agents/skills/bc-install-codeunit-generator
- .agents/skills/bc-manifest-handoff-generator
- .agents/skills/bc-number-series-generator
- .agents/skills/bc-setup-wizard-generator
- .agents/skills/bc-telemetry-generator
- .agents/skills/onprem-remote-deploy
- .agents/skills/skill-agent-instructions
- .agents/skills/skill-agent-task-patterns
- .agents/skills/skill-agent-toolkit
- .agents/skills/skill-api
- .agents/skills/skill-contribution-assistant
- .agents/skills/skill-copilot
- .agents/skills/skill-debug
- .agents/skills/skill-estimation
- .agents/skills/skill-events
- .agents/skills/skill-manifest
- .agents/skills/skill-migrate
- .agents/skills/skill-pages
- .agents/skills/skill-performance
- .agents/skills/skill-permissions
- .agents/skills/skill-testing
- .agents/skills/skill-translate
- .claude/agents/al-agent-builder.md
- .claude/agents/al-architect.md
- .claude/agents/al-conductor.md
- .claude/agents/al-developer.md
- .claude/agents/al-implement-subagent.md
- .claude/agents/al-planning-subagent.md
- .claude/agents/al-presales.md
- .claude/agents/al-review-subagent.md
- .claude/commands/al-agent.build-instructions.md
- .claude/commands/al-agent.create.md
- .claude/commands/al-agent.task.md
- .claude/commands/al-agent.test.md
- .claude/commands/al-build.md
- .claude/commands/al-context.create.md
- .claude/commands/al-initialize.md
- .claude/commands/al-memory.create.md
- .claude/commands/al-pr-prepare.md
- .claude/commands/al-spec.create.md
- .claude/rules/al-agent-toolkit.md
- .claude/rules/al-code-style.md
- .claude/rules/al-error-handling.md
- .claude/rules/al-events.md
- .claude/rules/al-guidelines.md
- .claude/rules/al-naming-conventions.md
- .claude/rules/al-performance.md
- .claude/rules/al-testing.md
- .claude/skills/bc-agent-instructions-debugger
- .claude/skills/bc-al-bug-fix
- .claude/skills/bc-al-code-reviewer
- .claude/skills/bc-al-project-context
- .claude/skills/bc-attachments-generator
- .claude/skills/bc-business-events-generator
- .claude/skills/bc-dataverse-entity-generator
- .claude/skills/bc-dataverse-mapping-generator
- .claude/skills/bc-install-codeunit-generator
- .claude/skills/bc-manifest-handoff-generator
- .claude/skills/bc-number-series-generator
- .claude/skills/bc-setup-wizard-generator
- .claude/skills/bc-telemetry-generator
- .claude/skills/onprem-remote-deploy
- .claude/skills/skill-agent-instructions
- .claude/skills/skill-agent-task-patterns
- .claude/skills/skill-agent-toolkit
- .claude/skills/skill-api
- .claude/skills/skill-contribution-assistant
- .claude/skills/skill-copilot
- .claude/skills/skill-debug
- .claude/skills/skill-estimation
- .claude/skills/skill-events
- .claude/skills/skill-manifest
- .claude/skills/skill-migrate
- .claude/skills/skill-pages
- .claude/skills/skill-performance
- .claude/skills/skill-permissions
- .claude/skills/skill-testing
- .claude/skills/skill-translate
- .github/agents/al-agent-builder.agent.md
- .github/agents/al-architect.agent.md
- .github/agents/al-conductor.agent.md
- .github/agents/al-developer.agent.md
- .github/agents/al-implement-subagent.agent.md
- .github/agents/al-planning-subagent.agent.md
- .github/agents/al-presales.agent.md
- .github/agents/al-review-subagent.agent.md
- .github/instructions/al-agent-toolkit.instructions.md
- .github/instructions/al-code-style.instructions.md
- .github/instructions/al-error-handling.instructions.md
- .github/instructions/al-events.instructions.md
- .github/instructions/al-guidelines.instructions.md
- .github/instructions/al-naming-conventions.instructions.md
- .github/instructions/al-performance.instructions.md
- .github/instructions/al-testing.instructions.md
- .github/prompts/al-agent.build-instructions.prompt.md
- .github/prompts/al-agent.create.prompt.md
- .github/prompts/al-agent.task.prompt.md
- .github/prompts/al-agent.test.prompt.md
- .github/prompts/al-build.prompt.md
- .github/prompts/al-context.create.prompt.md
- .github/prompts/al-initialize.prompt.md
- .github/prompts/al-memory.create.prompt.md
- .github/prompts/al-pr-prepare.prompt.md
- .github/prompts/al-spec.create.prompt.md
local_deployed_file_hashes:
  .claude/agents/al-agent-builder.md: sha256:37ef1212b13c347fa3787db8f2c0e7ba7e6b68aaeb61b1d293660af5f526ff68
  .claude/agents/al-architect.md: sha256:d374b04bddec7840aa67ac2759b7fa182d30788b42966431aed7aa43a2cb8a7d
  .claude/agents/al-conductor.md: sha256:2c37bd1121f5258d93dad1f1d029af11ea6a85abe8b261e90ba4df59e79f709d
  .claude/agents/al-developer.md: sha256:a59b9c3ec460903d0d7dbe6d952b1043bb3e3c2f5b9b9683d1457bbc6f5a8065
  .claude/agents/al-implement-subagent.md: sha256:73af239736379f98581a2709e9fffcf622da43e41d026fe59fbb6d3ec453fca3
  .claude/agents/al-planning-subagent.md: sha256:83d1724e913df31808d708088b6cff998a29b2b55ecab962f3fc6ad9bb32db2b
  .claude/agents/al-presales.md: sha256:266e4ed7a8bebfd4ffa1d2ed527510df59e1ffc19b747b84f65a038568947d9c
  .claude/agents/al-review-subagent.md: sha256:bbfe66442a4d21ad30076ed43bbb8a7b2d7c65ee826107c776092c7c1815fb4f
  .claude/commands/al-agent.build-instructions.md: sha256:4a7520a5242bf8839ffe0f9bc3e770d9038bdb751221f14b75dc4ddbe0893664
  .claude/commands/al-agent.create.md: sha256:b4a1d2a974163a0811c12c268deedb73160b43a8e89123238ad4b7209f06fa2d
  .claude/commands/al-agent.task.md: sha256:b32214ba661199e86073bfc3ab1a0ae12528053a21a2ccf73c2e74457e6c179b
  .claude/commands/al-agent.test.md: sha256:61375180ad9817524dd6384ef4b2c427f6808cb349a3d21807f2ba6dc60ad513
  .claude/commands/al-build.md: sha256:3c0fce45514e5c64f541b7aaf7bee4ecb6f58a4514deaf8d963563acc97d3922
  .claude/commands/al-context.create.md: sha256:dbeb02c46796db288b0323000791d0cedd155b2b9399d76bfd9e1f13ac64a1bd
  .claude/commands/al-initialize.md: sha256:2d3eea3a8280c3ac39f269b38b678bb1ffd7e0ac48e5010675c5505b303084b2
  .claude/commands/al-memory.create.md: sha256:cde611bea4517f5fda5641a88765089711bae6a0b5317e5e36f9d1d20ba84a8a
  .claude/commands/al-pr-prepare.md: sha256:d91402f01de1c08cee39b8335054be8a0196c46c1fb8900e4ebe949f416b340f
  .claude/commands/al-spec.create.md: sha256:94d6feb1bef8bcb39782b67771809a0749495cdbdf21fc2ed1032ed3ae3baae0
  .claude/rules/al-agent-toolkit.md: sha256:165815d12d19ef528646073aeb871f31221ccaa0b49e32fda2b21c3610cc3bca
  .claude/rules/al-code-style.md: sha256:23cdef30ec211db8fc60f58e83da66b69026f30bda45be8ddd0180aef4c59ab8
  .claude/rules/al-error-handling.md: sha256:3b9298119d401a6f32e7fe52bb64ce112d3ee2a0199eac75578d74e0f326f4f2
  .claude/rules/al-events.md: sha256:1240b15f2e2e40384ee9c1ed2077604cde381591daa35d85cc621716ec0df44c
  .claude/rules/al-guidelines.md: sha256:a147bcb90d4a000ead7fcd184f72779d213a800c37e1f157c97d53d64304b4cc
  .claude/rules/al-naming-conventions.md: sha256:9c13745c9f952113c143a672355fc465d0acc93732ea30505ae37c799fec3221
  .claude/rules/al-performance.md: sha256:e0d7e5bc0cb633241ab97f82adde030317e5dfd59cc9bc6a5399f26d1efedb74
  .claude/rules/al-testing.md: sha256:7eb8ab12a49fbfb99253c2e0026d8fe9ac7af70678070471ba932efb43a66e34
  .github/agents/al-agent-builder.agent.md: sha256:37ef1212b13c347fa3787db8f2c0e7ba7e6b68aaeb61b1d293660af5f526ff68
  .github/agents/al-architect.agent.md: sha256:d374b04bddec7840aa67ac2759b7fa182d30788b42966431aed7aa43a2cb8a7d
  .github/agents/al-conductor.agent.md: sha256:2c37bd1121f5258d93dad1f1d029af11ea6a85abe8b261e90ba4df59e79f709d
  .github/agents/al-developer.agent.md: sha256:a59b9c3ec460903d0d7dbe6d952b1043bb3e3c2f5b9b9683d1457bbc6f5a8065
  .github/agents/al-implement-subagent.agent.md: sha256:73af239736379f98581a2709e9fffcf622da43e41d026fe59fbb6d3ec453fca3
  .github/agents/al-planning-subagent.agent.md: sha256:83d1724e913df31808d708088b6cff998a29b2b55ecab962f3fc6ad9bb32db2b
  .github/agents/al-presales.agent.md: sha256:266e4ed7a8bebfd4ffa1d2ed527510df59e1ffc19b747b84f65a038568947d9c
  .github/agents/al-review-subagent.agent.md: sha256:bbfe66442a4d21ad30076ed43bbb8a7b2d7c65ee826107c776092c7c1815fb4f
  .github/instructions/al-agent-toolkit.instructions.md: sha256:daecd996651cbdf9b9fcc971c897aecc4c2e65df04ea8d8cbb95fc7c2195b917
  .github/instructions/al-code-style.instructions.md: sha256:24b03807bb8a0fb03145f095d52f0d14e979d0fa951ad148a3f3378cde6a41b3
  .github/instructions/al-error-handling.instructions.md: sha256:9cbc1a23173fe794aca9fbab69cdd8d7386b75fe8be3229115288135e42788c5
  .github/instructions/al-events.instructions.md: sha256:1f5a557ef4d5767538c3ec7620f3546a20336d9cc1adb8a2d0c5c18c01375240
  .github/instructions/al-guidelines.instructions.md: sha256:d5f460d465aaf0fbfd3e63539772d31fe4fc2077bea3d043a642247f759cff93
  .github/instructions/al-naming-conventions.instructions.md: sha256:07bbb5ada3fdc86b536a41ef1cb964d3dd29b954a19341be1413bd8ef63b3736
  .github/instructions/al-performance.instructions.md: sha256:83dba00f19af798cc843e938c2767859604ed55979ce4cafd11508fc491952be
  .github/instructions/al-testing.instructions.md: sha256:4c7cc0eba3f55f41f54746cee1348d87bcbaafeb90175d244d38fb2002254a15
  .github/prompts/al-agent.build-instructions.prompt.md: sha256:a555138311922c4e2e585927e5cd1eb80046036f73cb158ea44cf1311efd9ac2
  .github/prompts/al-agent.create.prompt.md: sha256:21793449c47499383fab82e0b4a4d4b019b0ea7cefb3c5d5f9da1384ce6d4325
  .github/prompts/al-agent.task.prompt.md: sha256:7588975822062326d94766fc473dacdbda5075e7f8204512f97a6cd40cff22cb
  .github/prompts/al-agent.test.prompt.md: sha256:13002c31ba29e287ab14eb4e9cfe96b41ddbc708e58090d215c7255c2cbdbf71
  .github/prompts/al-build.prompt.md: sha256:ffaefb25f9ee9d2e00360778338d6c4bb662de0a2982ba1221459977f94146e0
  .github/prompts/al-context.create.prompt.md: sha256:8ceb8a79242abc1793edc3a6e2c9c2b0c254e1eeac4b0913e47261b8fadf0b0e
  .github/prompts/al-initialize.prompt.md: sha256:74048a2fb811ab61605eb84c19c1debc4a59d62d6de1218e66964124bf03a6f0
  .github/prompts/al-memory.create.prompt.md: sha256:31b5cb33e54565872611acb6cb0b1cab9f2011f82a82fb695dac8148a068e0ff
  .github/prompts/al-pr-prepare.prompt.md: sha256:137bcdf60b053d7c5cab9660629e7e4bf6ab0c2c7985ac7e56cc42d8ff99fbf3
  .github/prompts/al-spec.create.prompt.md: sha256:852349788527d14ee4dbecc1ca0fd2a5d361031cbb08fd295d2368bc030f4b73
